
Microsoft Visual Studio Solution File, Format Version 12.00
# Visual Studio Version 17
VisualStudioVersion = 17.0.31717.71
MinimumVisualStudioVersion = 10.0.40219.1
Project("{9A19103F-16F7-4668-BE54-9A1E7A4F7556}") = "SyncroCore", "SyncroCore\SyncroCore.csproj", "{0DDBD313-50C0-4FFD-9B30-9828A859ECC8}"
EndProject
Global
	GlobalSection(SolutionConfigurationPlatforms) = preSolution
		Debug|Any CPU = Debug|Any CPU
		Release|Any CPU = Release|Any CPU
	EndGlobalSection
	GlobalSection(ProjectConfigurationPlatforms) = postSolution
		{0DDBD313-50C0-4FFD-9B30-9828A859ECC8}.Debug|Any CPU.ActiveCfg = Debug|Any CPU
		{0DDBD313-50C0-4FFD-9B30-9828A859ECC8}.Debug|Any CPU.Build.0 = Debug|Any CPU
		{0DDBD313-50C0-4FFD-9B30-9828A859ECC8}.Release|Any CPU.ActiveCfg = Release|Any CPU
		{0DDBD313-50C0-4FFD-9B30-9828A859ECC8}.Release|Any CPU.Build.0 = Release|Any CPU
	EndGlobalSection
	GlobalSection(SolutionProperties) = preSolution
		HideSolutionNode = FALSE
	EndGlobalSection
	GlobalSection(ExtensibilityGlobals) = postSolution
		SolutionGuid = {2CAD15C2-F696-447F-A6D0-D56AF3C5DA3C}
	EndGlobalSection
EndGlobal
